
Microsoft Visual Studio Solution File, Format Version 12.00
# Visual Studio Version 16
VisualStudioVersion = 16.0.31005.135
MinimumVisualStudioVersion = 10.0.40219.1
Project("{FAE04EC0-301F-11D3-BF4B-00C04F79EFBC}") = "ServiceBusSender", "ServiceBusSender\ServiceBusSender.csproj", "{6E477189-9627-4242-B59F-91E844553D2D}"
EndProject
Project("{FAE04EC0-301F-11D3-BF4B-00C04F79EFBC}") = "ServiceBusReciever", "ServiceBusReciever\ServiceBusReciever.csproj", "{F19234DB-3C73-44BE-8F4D-8111BCA3FB5A}"
EndProject
Global
	GlobalSection(SolutionConfigurationPlatforms) = preSolution
		Debug|Any CPU = Debug|Any CPU
		Release|Any CPU = Release|Any CPU
	EndGlobalSection
	GlobalSection(ProjectConfigurationPlatforms) = postSolution
		{6E477189-9627-4242-B59F-91E844553D2D}.Debug|Any CPU.ActiveCfg = Debug|Any CPU
		{6E477189-9627-4242-B59F-91E844553D2D}.Debug|Any CPU.Build.0 = Debug|Any CPU
		{6E477189-9627-4242-B59F-91E844553D2D}.Release|Any CPU.ActiveCfg = Release|Any CPU
		{6E477189-9627-4242-B59F-91E844553D2D}.Release|Any CPU.Build.0 = Release|Any CPU
		{F19234DB-3C73-44BE-8F4D-8111BCA3FB5A}.Debug|Any CPU.ActiveCfg = Debug|Any CPU
		{F19234DB-3C73-44BE-8F4D-8111BCA3FB5A}.Debug|Any CPU.Build.0 = Debug|Any CPU
		{F19234DB-3C73-44BE-8F4D-8111BCA3FB5A}.Release|Any CPU.ActiveCfg = Release|Any CPU
		{F19234DB-3C73-44BE-8F4D-8111BCA3FB5A}.Release|Any CPU.Build.0 = Release|Any CPU
	EndGlobalSection
	GlobalSection(SolutionProperties) = preSolution
		HideSolutionNode = FALSE
	EndGlobalSection
	GlobalSection(ExtensibilityGlobals) = postSolution
		SolutionGuid = {776D3880-7C10-43D9-9C9B-DCA7E0A79EDB}
	EndGlobalSection
EndGlobal
